
Microsoft Visual Studio Solution File, Format Version 12.00
# Visual Studio Version 17
VisualStudioVersion = 17.8.34330.188
MinimumVisualStudioVersion = 10.0.40219.1
Project("{9A19103F-16F7-4668-BE54-9A1E7A4F7556}") = "TipCalculator", "TipCalculator\TipCalculator.csproj", "{13FEA211-1981-4D37-A11A-1BFCDDD11B81}"
EndProject
Project("{9A19103F-16F7-4668-BE54-9A1E7A4F7556}") = "TipCalculatorTests", "TipCalculatorTests\TipCalculatorTests.csproj", "{5A65699C-DF1D-420C-8A75-CA471DE2E515}"
EndProject
Project("{FAE04EC0-301F-11D3-BF4B-00C04F79EFBC}") = "TipCalculatorGUI", "TipCalculatorGUI\TipCalculatorGUI.csproj", "{EC4C4E65-97BA-45F8-96C5-56BC8DAB3DB3}"
EndProject
Project("{9A19103F-16F7-4668-BE54-9A1E7A4F7556}") = "TipCalculatorUI", "TipCalculatorUI\TipCalculatorUI.csproj", "{8BF59048-AF5F-4F6C-A2ED-92FC544FF5BE}"
EndProject
Project("{9A19103F-16F7-4668-BE54-9A1E7A4F7556}") = "Utilities", "Utilities\Utilities.csproj", "{D67EDA92-E95E-4300-AA34-AA31DCF6C42D}"
EndProject
Project("{9A19103F-16F7-4668-BE54-9A1E7A4F7556}") = "UtilitiesTests", "UtilitiesTests\UtilitiesTests.csproj", "{9CA76FAF-D943-4BE4-BD41-4C8C65C5279B}"
EndProject
Project("{9A19103F-16F7-4668-BE54-9A1E7A4F7556}") = "PrintQuote", "PrintQuote\PrintQuote.csproj", "{643EB46F-210B-43C5-A5C8-C1100E00D59D}"
EndProject
Project("{9A19103F-16F7-4668-BE54-9A1E7A4F7556}") = "SimpleMath", "SimpleMath\SimpleMath.csproj", "{F6DB42F9-A54D-482A-824D-79DF4BBFBE43}"
EndProject
Project("{9A19103F-16F7-4668-BE54-9A1E7A4F7556}") = "RetirementCalculator", "RetirementCalculator\RetirementCalculator.csproj", "{29DB0C19-348A-476C-A096-D7B95972DB1C}"
EndProject
Project("{9A19103F-16F7-4668-BE54-9A1E7A4F7556}") = "RectangularRoomArea", "RectangularRoomArea\RectangularRoomArea.csproj", "{2E1A271E-6C8C-4BD8-92D1-DDBE6A7668A7}"
EndProject
Project("{9A19103F-16F7-4668-BE54-9A1E7A4F7556}") = "RectangularRoomAreaUI", "RectangularRoomAreaUI\RectangularRoomAreaUI.csproj", "{8D66A2D1-C51D-4C59-9A32-7BAD656D7B57}"
EndProject
Project("{9A19103F-16F7-4668-BE54-9A1E7A4F7556}") = "PaintCalculator", "PaintCalculator\PaintCalculator.csproj", "{545A0612-D4DB-47F2-81D0-50A61933DA62}"
EndProject
Project("{FAE04EC0-301F-11D3-BF4B-00C04F79EFBC}") = "SelfCheckout", "SelfCheckout\SelfCheckout.csproj", "{AD315F54-E119-4822-BA9D-B8644A162D9D}"
EndProject
Global
	GlobalSection(SolutionConfigurationPlatforms) = preSolution
		Debug|Any CPU = Debug|Any CPU
		Release|Any CPU = Release|Any CPU
	EndGlobalSection
	GlobalSection(ProjectConfigurationPlatforms) = postSolution
		{13FEA211-1981-4D37-A11A-1BFCDDD11B81}.Debug|Any CPU.ActiveCfg = Debug|Any CPU
		{13FEA211-1981-4D37-A11A-1BFCDDD11B81}.Debug|Any CPU.Build.0 = Debug|Any CPU
		{13FEA211-1981-4D37-A11A-1BFCDDD11B81}.Release|Any CPU.ActiveCfg = Release|Any CPU
		{13FEA211-1981-4D37-A11A-1BFCDDD11B81}.Release|Any CPU.Build.0 = Release|Any CPU
		{5A65699C-DF1D-420C-8A75-CA471DE2E515}.Debug|Any CPU.ActiveCfg = Debug|Any CPU
		{5A65699C-DF1D-420C-8A75-CA471DE2E515}.Debug|Any CPU.Build.0 = Debug|Any CPU
		{5A65699C-DF1D-420C-8A75-CA471DE2E515}.Release|Any CPU.ActiveCfg = Release|Any CPU
		{5A65699C-DF1D-420C-8A75-CA471DE2E515}.Release|Any CPU.Build.0 = Release|Any CPU
		{EC4C4E65-97BA-45F8-96C5-56BC8DAB3DB3}.Debug|Any CPU.ActiveCfg = Debug|Any CPU
		{EC4C4E65-97BA-45F8-96C5-56BC8DAB3DB3}.Debug|Any CPU.Build.0 = Debug|Any CPU
		{EC4C4E65-97BA-45F8-96C5-56BC8DAB3DB3}.Release|Any CPU.ActiveCfg = Release|Any CPU
		{EC4C4E65-97BA-45F8-96C5-56BC8DAB3DB3}.Release|Any CPU.Build.0 = Release|Any CPU
		{8BF59048-AF5F-4F6C-A2ED-92FC544FF5BE}.Debug|Any CPU.ActiveCfg = Debug|Any CPU
		{8BF59048-AF5F-4F6C-A2ED-92FC544FF5BE}.Debug|Any CPU.Build.0 = Debug|Any CPU
		{8BF59048-AF5F-4F6C-A2ED-92FC544FF5BE}.Release|Any CPU.ActiveCfg = Release|Any CPU
		{8BF59048-AF5F-4F6C-A2ED-92FC544FF5BE}.Release|Any CPU.Build.0 = Release|Any CPU
		{D67EDA92-E95E-4300-AA34-AA31DCF6C42D}.Debug|Any CPU.ActiveCfg = Debug|Any CPU
		{D67EDA92-E95E-4300-AA34-AA31DCF6C42D}.Debug|Any CPU.Build.0 = Debug|Any CPU
		{D67EDA92-E95E-4300-AA34-AA31DCF6C42D}.Release|Any CPU.ActiveCfg = Release|Any CPU
		{D67EDA92-E95E-4300-AA34-AA31DCF6C42D}.Release|Any CPU.Build.0 = Release|Any CPU
		{9CA76FAF-D943-4BE4-BD41-4C8C65C5279B}.Debug|Any CPU.ActiveCfg = Debug|Any CPU
		{9CA76FAF-D943-4BE4-BD41-4C8C65C5279B}.Debug|Any CPU.Build.0 = Debug|Any CPU
		{9CA76FAF-D943-4BE4-BD41-4C8C65C5279B}.Release|Any CPU.ActiveCfg = Release|Any CPU
		{9CA76FAF-D943-4BE4-BD41-4C8C65C5279B}.Release|Any CPU.Build.0 = Release|Any CPU
		{643EB46F-210B-43C5-A5C8-C1100E00D59D}.Debug|Any CPU.ActiveCfg = Debug|Any CPU
		{643EB46F-210B-43C5-A5C8-C1100E00D59D}.Debug|Any CPU.Build.0 = Debug|Any CPU
		{643EB46F-210B-43C5-A5C8-C1100E00D59D}.Release|Any CPU.ActiveCfg = Release|Any CPU
		{643EB46F-210B-43C5-A5C8-C1100E00D59D}.Release|Any CPU.Build.0 = Release|Any CPU
		{F6DB42F9-A54D-482A-824D-79DF4BBFBE43}.Debug|Any CPU.ActiveCfg = Debug|Any CPU
		{F6DB42F9-A54D-482A-824D-79DF4BBFBE43}.Debug|Any CPU.Build.0 = Debug|Any CPU
		{F6DB42F9-A54D-482A-824D-79DF4BBFBE43}.Release|Any CPU.ActiveCfg = Release|Any CPU
		{F6DB42F9-A54D-482A-824D-79DF4BBFBE43}.Release|Any CPU.Build.0 = Release|Any CPU
		{29DB0C19-348A-476C-A096-D7B95972DB1C}.Debug|Any CPU.ActiveCfg = Debug|Any CPU
		{29DB0C19-348A-476C-A096-D7B95972DB1C}.Debug|Any CPU.Build.0 = Debug|Any CPU
		{29DB0C19-348A-476C-A096-D7B95972DB1C}.Release|Any CPU.ActiveCfg = Release|Any CPU
		{29DB0C19-348A-476C-A096-D7B95972DB1C}.Release|Any CPU.Build.0 = Release|Any CPU
		{2E1A271E-6C8C-4BD8-92D1-DDBE6A7668A7}.Debug|Any CPU.ActiveCfg = Debug|Any CPU
		{2E1A271E-6C8C-4BD8-92D1-DDBE6A7668A7}.Debug|Any CPU.Build.0 = Debug|Any CPU
		{2E1A271E-6C8C-4BD8-92D1-DDBE6A7668A7}.Release|Any CPU.ActiveCfg = Release|Any CPU
		{2E1A271E-6C8C-4BD8-92D1-DDBE6A7668A7}.Release|Any CPU.Build.0 = Release|Any CPU
		{8D66A2D1-C51D-4C59-9A32-7BAD656D7B57}.Debug|Any CPU.ActiveCfg = Debug|Any CPU
		{8D66A2D1-C51D-4C59-9A32-7BAD656D7B57}.Debug|Any CPU.Build.0 = Debug|Any CPU
		{8D66A2D1-C51D-4C59-9A32-7BAD656D7B57}.Release|Any CPU.ActiveCfg = Release|Any CPU
		{8D66A2D1-C51D-4C59-9A32-7BAD656D7B57}.Release|Any CPU.Build.0 = Release|Any CPU
		{545A0612-D4DB-47F2-81D0-50A61933DA62}.Debug|Any CPU.ActiveCfg = Debug|Any CPU
		{545A0612-D4DB-47F2-81D0-50A61933DA62}.Debug|Any CPU.Build.0 = Debug|Any CPU
		{545A0612-D4DB-47F2-81D0-50A61933DA62}.Release|Any CPU.ActiveCfg = Release|Any CPU
		{545A0612-D4DB-47F2-81D0-50A61933DA62}.Release|Any CPU.Build.0 = Release|Any CPU
		{AD315F54-E119-4822-BA9D-B8644A162D9D}.Debug|Any CPU.ActiveCfg = Debug|Any CPU
		{AD315F54-E119-4822-BA9D-B8644A162D9D}.Debug|Any CPU.Build.0 = Debug|Any CPU
		{AD315F54-E119-4822-BA9D-B8644A162D9D}.Release|Any CPU.ActiveCfg = Release|Any CPU
		{AD315F54-E119-4822-BA9D-B8644A162D9D}.Release|Any CPU.Build.0 = Release|Any CPU
	EndGlobalSection
	GlobalSection(SolutionProperties) = preSolution
		HideSolutionNode = FALSE
	EndGlobalSection
	GlobalSection(ExtensibilityGlobals) = postSolution
		SolutionGuid = {CAC3D361-259D-440D-B640-BD308902CC26}
	EndGlobalSection
EndGlobal
