
Microsoft Visual Studio Solution File, Format Version 12.00
# Visual Studio Version 17
VisualStudioVersion = 17.8.34330.188
MinimumVisualStudioVersion = 10.0.40219.1
Project("{9A19103F-16F7-4668-BE54-9A1E7A4F7556}") = "TipCalculator", "TipCalculator\TipCalculator.csproj", "{13FEA211-1981-4D37-A11A-1BFCDDD11B81}"
EndProject
Project("{9A19103F-16F7-4668-BE54-9A1E7A4F7556}") = "TipCalculatorTests", "TipCalculatorTests\TipCalculatorTests.csproj", "{5A65699C-DF1D-420C-8A75-CA471DE2E515}"
EndProject
Project("{FAE04EC0-301F-11D3-BF4B-00C04F79EFBC}") = "TipCalculatorGUI", "TipCalculatorGUI\TipCalculatorGUI.csproj", "{EC4C4E65-97BA-45F8-96C5-56BC8DAB3DB3}"
EndProject
Project("{9A19103F-16F7-4668-BE54-9A1E7A4F7556}") = "TipCalculatorUI", "TipCalculatorUI\TipCalculatorUI.csproj", "{8BF59048-AF5F-4F6C-A2ED-92FC544FF5BE}"
EndProject
Project("{9A19103F-16F7-4668-BE54-9A1E7A4F7556}") = "Utilities", "Utilities\Utilities.csproj", "{D67EDA92-E95E-4300-AA34-AA31DCF6C42D}"
EndProject
Project("{9A19103F-16F7-4668-BE54-9A1E7A4F7556}") = "UtilitiesTests", "UtilitiesTests\UtilitiesTests.csproj", "{9CA76FAF-D943-4BE4-BD41-4C8C65C5279B}"
EndProject
Project("{FAE04EC0-301F-11D3-BF4B-00C04F79EFBC}") = "PrintQuote", "PrintQuote\PrintQuote.csproj", "{643EB46F-210B-43C5-A5C8-C1100E00D59D}"
EndProject
Global
	GlobalSection(SolutionConfigurationPlatforms) = preSolution
		Debug|Any CPU = Debug|Any CPU
		Release|Any CPU = Release|Any CPU
	EndGlobalSection
	GlobalSection(ProjectConfigurationPlatforms) = postSolution
		{13FEA211-1981-4D37-A11A-1BFCDDD11B81}.Debug|Any CPU.ActiveCfg = Debug|Any CPU
		{13FEA211-1981-4D37-A11A-1BFCDDD11B81}.Debug|Any CPU.Build.0 = Debug|Any CPU
		{13FEA211-1981-4D37-A11A-1BFCDDD11B81}.Release|Any CPU.ActiveCfg = Release|Any CPU
		{13FEA211-1981-4D37-A11A-1BFCDDD11B81}.Release|Any CPU.Build.0 = Release|Any CPU
		{5A65699C-DF1D-420C-8A75-CA471DE2E515}.Debug|Any CPU.ActiveCfg = Debug|Any CPU
		{5A65699C-DF1D-420C-8A75-CA471DE2E515}.Debug|Any CPU.Build.0 = Debug|Any CPU
		{5A65699C-DF1D-420C-8A75-CA471DE2E515}.Release|Any CPU.ActiveCfg = Release|Any CPU
		{5A65699C-DF1D-420C-8A75-CA471DE2E515}.Release|Any CPU.Build.0 = Release|Any CPU
		{EC4C4E65-97BA-45F8-96C5-56BC8DAB3DB3}.Debug|Any CPU.ActiveCfg = Debug|Any CPU
		{EC4C4E65-97BA-45F8-96C5-56BC8DAB3DB3}.Debug|Any CPU.Build.0 = Debug|Any CPU
		{EC4C4E65-97BA-45F8-96C5-56BC8DAB3DB3}.Release|Any CPU.ActiveCfg = Release|Any CPU
		{EC4C4E65-97BA-45F8-96C5-56BC8DAB3DB3}.Release|Any CPU.Build.0 = Release|Any CPU
		{8BF59048-AF5F-4F6C-A2ED-92FC544FF5BE}.Debug|Any CPU.ActiveCfg = Debug|Any CPU
		{8BF59048-AF5F-4F6C-A2ED-92FC544FF5BE}.Debug|Any CPU.Build.0 = Debug|Any CPU
		{8BF59048-AF5F-4F6C-A2ED-92FC544FF5BE}.Release|Any CPU.ActiveCfg = Release|Any CPU
		{8BF59048-AF5F-4F6C-A2ED-92FC544FF5BE}.Release|Any CPU.Build.0 = Release|Any CPU
		{D67EDA92-E95E-4300-AA34-AA31DCF6C42D}.Debug|Any CPU.ActiveCfg = Debug|Any CPU
		{D67EDA92-E95E-4300-AA34-AA31DCF6C42D}.Debug|Any CPU.Build.0 = Debug|Any CPU
		{D67EDA92-E95E-4300-AA34-AA31DCF6C42D}.Release|Any CPU.ActiveCfg = Release|Any CPU
		{D67EDA92-E95E-4300-AA34-AA31DCF6C42D}.Release|Any CPU.Build.0 = Release|Any CPU
		{9CA76FAF-D943-4BE4-BD41-4C8C65C5279B}.Debug|Any CPU.ActiveCfg = Debug|Any CPU
		{9CA76FAF-D943-4BE4-BD41-4C8C65C5279B}.Debug|Any CPU.Build.0 = Debug|Any CPU
		{9CA76FAF-D943-4BE4-BD41-4C8C65C5279B}.Release|Any CPU.ActiveCfg = Release|Any CPU
		{9CA76FAF-D943-4BE4-BD41-4C8C65C5279B}.Release|Any CPU.Build.0 = Release|Any CPU
		{643EB46F-210B-43C5-A5C8-C1100E00D59D}.Debug|Any CPU.ActiveCfg = Debug|Any CPU
		{643EB46F-210B-43C5-A5C8-C1100E00D59D}.Debug|Any CPU.Build.0 = Debug|Any CPU
		{643EB46F-210B-43C5-A5C8-C1100E00D59D}.Release|Any CPU.ActiveCfg = Release|Any CPU
		{643EB46F-210B-43C5-A5C8-C1100E00D59D}.Release|Any CPU.Build.0 = Release|Any CPU
	EndGlobalSection
	GlobalSection(SolutionProperties) = preSolution
		HideSolutionNode = FALSE
	EndGlobalSection
	GlobalSection(ExtensibilityGlobals) = postSolution
		SolutionGuid = {CAC3D361-259D-440D-B640-BD308902CC26}
	EndGlobalSection
EndGlobal
